lockfile_version: '2'
generated_at: '2026-06-24T10:18:16.886978+00:00'
apm_version: 0.21.0
dependencies:
- repo_url: mattpocock/skills
  host: github.com
  resolved_commit: 6eeb81b5fcfeeb5bd531dd47ab2f9f2bbea27461
  resolved_ref: main
  virtual_path: skills/engineering/grill-with-docs
  is_virtual: true
  package_type: claude_skill
  deployed_files:
  - .agents/skills/grill-with-docs
  - .agents/skills/grill-with-docs/SKILL.md
  - .claude/skills/grill-with-docs
  - .claude/skills/grill-with-docs/SKILL.md
  deployed_file_hashes:
    .agents/skills/grill-with-docs/SKILL.md: sha256:610d091047bcfb9db0f75c057d15538481a721111579fc5ec7f83ad9131a2165
    .claude/skills/grill-with-docs/SKILL.md: sha256:610d091047bcfb9db0f75c057d15538481a721111579fc5ec7f83ad9131a2165
  content_hash: sha256:e7ef25bbee50cda2eb7b3a8ef541db0a0396dad7d369f7d14fb610671dd1864b
- repo_url: mattpocock/skills
  host: github.com
  resolved_commit: 6eeb81b5fcfeeb5bd531dd47ab2f9f2bbea27461
  resolved_ref: main
  virtual_path: skills/productivity/grill-me
  is_virtual: true
  package_type: claude_skill
  deployed_files:
  - .agents/skills/grill-me
  - .agents/skills/grill-me/SKILL.md
  - .claude/skills/grill-me
  - .claude/skills/grill-me/SKILL.md
  deployed_file_hashes:
    .agents/skills/grill-me/SKILL.md: sha256:6189dfceb7304a6e5558f75d87e68fa3bc7fcf7ba120e44f21f8a61fe01eba54
    .claude/skills/grill-me/SKILL.md: sha256:6189dfceb7304a6e5558f75d87e68fa3bc7fcf7ba120e44f21f8a61fe01eba54
  content_hash: sha256:f321507f77702a54af1db66549ec1685fc625390d06c57d7949cdcda8eb1b5c7
- repo_url: srobroek/agentic-packages
  host: github.com
  resolved_commit: 9b0f0edf6e89312e6de0f157f4f9f8731f9d0475
  virtual_path: packages/agentic-maintenance
  is_virtual: true
  package_type: apm_package
  content_hash: sha256:e0ee111e94a1fe6ec889153245134e384e8cf72e521fb2a73a435ea600d3eae2
  discovered_via: srobroek-agentic
  marketplace_plugin_name: agentic-maintenance
  declared_license: Apache-2.0
- repo_url: srobroek/agentic-packages
  host: github.com
  resolved_commit: 9b0f0edf6e89312e6de0f157f4f9f8731f9d0475
  virtual_path: packages/core
  is_virtual: true
  package_type: apm_package
  content_hash: sha256:4a7021135fc56e62cc72290a62e68d3b0f11f21ad7e69b69ffbfad6d8f8df990
  discovered_via: srobroek-agentic
  marketplace_plugin_name: core
  declared_license: Apache-2.0
- repo_url: srobroek/agentic-packages
  host: github.com
  resolved_commit: 9b0f0edf6e89312e6de0f157f4f9f8731f9d0475
  virtual_path: packages/language-shell
  is_virtual: true
  package_type: apm_package
  content_hash: sha256:774509341d0e23ab7092fd21f841f9249e0a789aa88653ba5a777eafdddd4404
  discovered_via: srobroek-agentic
  marketplace_plugin_name: language-shell
  declared_license: Apache-2.0
- repo_url: srobroek/agentic-packages
  host: github.com
  resolved_commit: 9b0f0edf6e89312e6de0f157f4f9f8731f9d0475
  virtual_path: packages/mcp-codebase-memory
  is_virtual: true
  package_type: apm_package
  content_hash: sha256:542a0dd2a0180a5a143866476e4d39e3cdb5534904fd5a502b54438a2721b283
  discovered_via: srobroek-agentic
  marketplace_plugin_name: mcp-codebase-memory
  declared_license: Apache-2.0
- repo_url: srobroek/agentic-packages
  host: github.com
  resolved_commit: 9b0f0edf6e89312e6de0f157f4f9f8731f9d0475
  virtual_path: packages/mcp-context7
  is_virtual: true
  package_type: apm_package
  content_hash: sha256:8f4cce016f6a378fe014badd553c413528c65f3e42f5cbb88ef69712f3393867
  discovered_via: srobroek-agentic
  marketplace_plugin_name: mcp-context7
  declared_license: Apache-2.0
- repo_url: srobroek/agentic-packages
  host: github.com
  resolved_commit: 9b0f0edf6e89312e6de0f157f4f9f8731f9d0475
  virtual_path: packages/mcp-package-version
  is_virtual: true
  package_type: apm_package
  deployed_files:
  - .claude/hooks/mcp-package-version/scripts/package-file-warn.sh
  - .claude/hooks/mcp-package-version/scripts/pkg-version-warn.sh
  deployed_file_hashes:
    .claude/hooks/mcp-package-version/scripts/package-file-warn.sh: sha256:038c4bf9526ba9045eefa86aee4db3a93f35ab86dc90fac9fd55209799144e4a
    .claude/hooks/mcp-package-version/scripts/pkg-version-warn.sh: sha256:25b61086f3fb1f6694d4d091442bb8cf67f24e309b963e3a7c27653e6445948b
  content_hash: sha256:a9b48d77277aaf6b83b207ec23c681e41cb3ef0ca635fd5033ea3da4c4afdf79
  discovered_via: srobroek-agentic
  marketplace_plugin_name: mcp-package-version
  declared_license: Apache-2.0
- repo_url: srobroek/agentic-packages
  host: github.com
  resolved_commit: 9b0f0edf6e89312e6de0f157f4f9f8731f9d0475
  virtual_path: packages/mcp-repomix
  is_virtual: true
  package_type: apm_package
  deployed_files:
  - .claude/hooks/mcp-repomix/scripts/repomix-refresh-snapshot.sh
  - .codex/hooks/mcp-repomix/scripts/repomix-refresh-snapshot.sh
  deployed_file_hashes:
    .claude/hooks/mcp-repomix/scripts/repomix-refresh-snapshot.sh: sha256:60122f295247bbf2a4722dcbb2a4dd6ff9e06d1ee50286064f39402f7c3d9375
    .codex/hooks/mcp-repomix/scripts/repomix-refresh-snapshot.sh: sha256:60122f295247bbf2a4722dcbb2a4dd6ff9e06d1ee50286064f39402f7c3d9375
  content_hash: sha256:8160affc9479c3f49064f324738f9d0d6e4f34bcd35445556b9c8a6ad97510db
  discovered_via: srobroek-agentic
  marketplace_plugin_name: mcp-repomix
  declared_license: Apache-2.0
- repo_url: srobroek/agentic-packages
  host: github.com
  resolved_commit: 9b0f0edf6e89312e6de0f157f4f9f8731f9d0475
  virtual_path: packages/steering-tools-scripts
  is_virtual: true
  package_type: apm_package
  deployed_files:
  - .claude/rules/80-tools-scripts.md
  deployed_file_hashes:
    .claude/rules/80-tools-scripts.md: sha256:be6287a66aaa9d395c506d75fa0e88362785866177323253ce931cc3552208af
  content_hash: sha256:7c6dc77390a539a4cdc2c27939d87d26b60908197b70455b58b97adf7f8386c9
  discovered_via: srobroek-agentic
  marketplace_plugin_name: steering-tools-scripts
  declared_license: Apache-2.0
- repo_url: srobroek/agentic-packages
  host: github.com
  resolved_commit: 9b0f0edf6e89312e6de0f157f4f9f8731f9d0475
  virtual_path: packages/write-a-skill
  is_virtual: true
  package_type: apm_package
  deployed_files:
  - .agents/skills/write-a-skill
  - .agents/skills/write-a-skill/SKILL.md
  - .claude/skills/write-a-skill
  - .claude/skills/write-a-skill/SKILL.md
  deployed_file_hashes:
    .agents/skills/write-a-skill/SKILL.md: sha256:8c32704d93bfecb2f83cc42d72c6e9d39787bc54d99e97fb01c50cc63e0a22e2
    .claude/skills/write-a-skill/SKILL.md: sha256:8c32704d93bfecb2f83cc42d72c6e9d39787bc54d99e97fb01c50cc63e0a22e2
  content_hash: sha256:da8ec45120ac56f4e0621502f0926b1cb83052ea80774c5b50c99812d92f3b87
  discovered_via: srobroek-agentic
  marketplace_plugin_name: write-a-skill
  declared_license: Apache-2.0
- repo_url: srobroek/agentic-packages
  host: github.com
  resolved_commit: e2d980e207ed53cd14bc12eeef84e40845b928b7
  resolved_ref: agent-coder-v0.1.1
  version: 0.1.1
  virtual_path: packages/agent-coder
  is_virtual: true
  package_type: apm_package
  deployed_files:
  - .claude/agents/coder.md
  - .claude/hooks/agent-coder/scripts/coder-delegation-reminder.sh
  - .codex/agents/coder.toml
  - .codex/hooks/agent-coder/scripts/coder-delegation-reminder.sh
  deployed_file_hashes:
    .claude/agents/coder.md: sha256:4f66193124fdfafa12b6566e4cbc767092166c234b9839d863d1a99c22e5c805
    .claude/hooks/agent-coder/scripts/coder-delegation-reminder.sh: sha256:ab154403adcbe0e00e3eab02b66b98245bed84264abffaeb20aeadfc54b434d6
    .codex/agents/coder.toml: sha256:6e553311f70dc3a5eb7800310c2027e392a8f5e871453a79edaf979f91cf700e
    .codex/hooks/agent-coder/scripts/coder-delegation-reminder.sh: sha256:ab154403adcbe0e00e3eab02b66b98245bed84264abffaeb20aeadfc54b434d6
  content_hash: sha256:2617bf11952a011e70fbfc4e371b539148a4ef8a1ad1bfb71d33b515dc47b227
  constraint: ^0.1.1
  resolved_tag: agent-coder-v0.1.1
  resolved_at: '2026-06-24T10:18:07+00:00'
  declared_license: Apache-2.0
- repo_url: srobroek/agentic-packages
  host: github.com
  resolved_commit: e2d980e207ed53cd14bc12eeef84e40845b928b7
  resolved_ref: agent-pr-reviewer-v0.1.1
  version: 0.1.1
  virtual_path: packages/agent-pr-reviewer
  is_virtual: true
  package_type: apm_package
  deployed_files:
  - .claude/agents/pr-reviewer.md
  - .codex/agents/pr-reviewer.toml
  deployed_file_hashes:
    .claude/agents/pr-reviewer.md: sha256:ac61c665bfa00c57df81ae880556c18e38a8961803a79a590d86d3c098a7d4c1
    .codex/agents/pr-reviewer.toml: sha256:7f180d29f195847026a8f7874e304e063b2516171687fa7f3fc8de4afb40fb91
  content_hash: sha256:b302b14de99d0d0a02d0e29900bf16b05de7077bdb4cf77b00b1b741df62f6e9
  constraint: ^0.1.1
  resolved_tag: agent-pr-reviewer-v0.1.1
  resolved_at: '2026-06-24T10:18:09+00:00'
  declared_license: Apache-2.0
- repo_url: srobroek/agentic-packages
  host: github.com
  resolved_commit: 86c95af4d2b8dcaf1f5a50db3b5469a34591e13e
  resolved_ref: audit-steering-v0.1.2
  version: 0.1.2
  virtual_path: packages/audit-steering
  is_virtual: true
  package_type: apm_package
  deployed_files:
  - .agents/skills/audit-steering
  - .agents/skills/audit-steering/CHANGELOG.md
  - .agents/skills/audit-steering/SKILL.md
  - .agents/skills/audit-steering/references/checklist.md
  - .claude/skills/audit-steering
  - .claude/skills/audit-steering/CHANGELOG.md
  - .claude/skills/audit-steering/SKILL.md
  - .claude/skills/audit-steering/references/checklist.md
  deployed_file_hashes:
    .agents/skills/audit-steering/CHANGELOG.md: sha256:a4af01c568e8f85588a53458a9ce2eccc376314e94ae1a4c6903f08c5bf9193b
    .agents/skills/audit-steering/SKILL.md: sha256:aa43c1b417d71fcf63073439061c8ec94a9be05b8604ed9485e511f1dabe4bcf
    .agents/skills/audit-steering/references/checklist.md: sha256:ccb59c82bb97f663a3d6e9e6554eed0372f95f070d737939cda8372fe3d44255
    .claude/skills/audit-steering/CHANGELOG.md: sha256:a4af01c568e8f85588a53458a9ce2eccc376314e94ae1a4c6903f08c5bf9193b
    .claude/skills/audit-steering/SKILL.md: sha256:aa43c1b417d71fcf63073439061c8ec94a9be05b8604ed9485e511f1dabe4bcf
    .claude/skills/audit-steering/references/checklist.md: sha256:ccb59c82bb97f663a3d6e9e6554eed0372f95f070d737939cda8372fe3d44255
  content_hash: sha256:74c830dcdcb997b1b16dd61f9aa0028d15b0e45948bc6bd244cbb1dcbae48537
  constraint: ^0.1.2
  resolved_tag: audit-steering-v0.1.2
  resolved_at: '2026-06-24T10:18:07+00:00'
  declared_license: Apache-2.0
- repo_url: srobroek/agentic-packages
  host: github.com
  resolved_commit: e061c81852ba1ae7ef8bb443b56ff22e98bd17de
  resolved_ref: code-intelligence-v0.1.3
  version: 0.1.3
  virtual_path: packages/code-intelligence
  is_virtual: true
  package_type: apm_package
  deployed_files:
  - .claude/hooks/code-intelligence/scripts/code-discovery-steer.sh
  - .claude/hooks/code-intelligence/scripts/codebase-index.sh
  - .claude/hooks/code-intelligence/scripts/reindex-after-commit.sh
  - .claude/hooks/code-intelligence/scripts/subagent-context-inject.sh
  - .codex/hooks/code-intelligence/scripts/reindex-after-commit.sh
  deployed_file_hashes:
    .claude/hooks/code-intelligence/scripts/code-discovery-steer.sh: sha256:3b6662e40648db236664aa2cbe425c1ccd531a3d192affa1e5882edf9905abfd
    .claude/hooks/code-intelligence/scripts/codebase-index.sh: sha256:8492bfff1003bc4e0a92bfbe37d353f7579fc7e36b7508999a6db1ab312075f2
    .claude/hooks/code-intelligence/scripts/reindex-after-commit.sh: sha256:fd86c0564eef4df40c19326de64721a30a549d577724c3fef88745e43b846916
    .claude/hooks/code-intelligence/scripts/subagent-context-inject.sh: sha256:6e54ac651c03008e7275ff97e93304566eafa89a346f5153bfb97226f6c0b045
    .codex/hooks/code-intelligence/scripts/reindex-after-commit.sh: sha256:fd86c0564eef4df40c19326de64721a30a549d577724c3fef88745e43b846916
  content_hash: sha256:fbc5e2269721c86d17b93f325f2ae675dab97f2eec929ef7ca87a509602ff3ae
  constraint: ^0.1.3
  resolved_tag: code-intelligence-v0.1.3
  resolved_at: '2026-06-24T10:18:06+00:00'
  declared_license: Apache-2.0
- repo_url: srobroek/agentic-packages
  host: github.com
  resolved_commit: 86c95af4d2b8dcaf1f5a50db3b5469a34591e13e
  resolved_ref: optimize-steering-v0.1.2
  version: 0.1.2
  virtual_path: packages/optimize-steering
  is_virtual: true
  package_type: apm_package
  deployed_files:
  - .agents/skills/optimize-steering
  - .agents/skills/optimize-steering/SKILL.md
  - .agents/skills/optimize-steering/references/measurement.md
  - .agents/skills/optimize-steering/references/rules.md
  - .claude/skills/optimize-steering
  - .claude/skills/optimize-steering/SKILL.md
  - .claude/skills/optimize-steering/references/measurement.md
  - .claude/skills/optimize-steering/references/rules.md
  deployed_file_hashes:
    .agents/skills/optimize-steering/SKILL.md: sha256:de22f53f03b60c4908256dffc65512249a3d42a9971ccf42ce8fa5b22af9f8c8
    .agents/skills/optimize-steering/references/measurement.md: sha256:ac1a997e148aa3dd6770825b80a2fb756f420574a94e9f0562fbdb7de6988b1e
    .agents/skills/optimize-steering/references/rules.md: sha256:9c56b23f67963447a6475d6d1d6b52c6b70e17d85f7609c8f72e06d72c2e171b
    .claude/skills/optimize-steering/SKILL.md: sha256:de22f53f03b60c4908256dffc65512249a3d42a9971ccf42ce8fa5b22af9f8c8
    .claude/skills/optimize-steering/references/measurement.md: sha256:ac1a997e148aa3dd6770825b80a2fb756f420574a94e9f0562fbdb7de6988b1e
    .claude/skills/optimize-steering/references/rules.md: sha256:9c56b23f67963447a6475d6d1d6b52c6b70e17d85f7609c8f72e06d72c2e171b
  content_hash: sha256:47a77ac95f58bcc2c37116b059412bf4bdb333c644e61c240f9dfce6f78c9144
  constraint: ^0.1.2
  resolved_tag: optimize-steering-v0.1.2
  resolved_at: '2026-06-24T10:18:07+00:00'
  declared_license: Apache-2.0
- repo_url: srobroek/agentic-packages
  host: github.com
  resolved_commit: e061c81852ba1ae7ef8bb443b56ff22e98bd17de
  resolved_ref: project-lifecycle-v0.1.2
  version: 0.1.2
  virtual_path: packages/project-lifecycle
  is_virtual: true
  package_type: apm_package
  content_hash: sha256:5f60379b97e919b8a32fde47b6522f8b7293c069d214dbbc901d6e240ac9f18d
  constraint: ^0.1.2
  resolved_tag: project-lifecycle-v0.1.2
  resolved_at: '2026-06-24T10:18:06+00:00'
  declared_license: Apache-2.0
- repo_url: srobroek/agentic-packages
  host: github.com
  resolved_commit: 86c95af4d2b8dcaf1f5a50db3b5469a34591e13e
  resolved_ref: prompt-lookup-v0.1.2
  version: 0.1.2
  virtual_path: packages/prompt-lookup
  is_virtual: true
  package_type: apm_package
  deployed_files:
  - .agents/skills/prompt-lookup
  - .agents/skills/prompt-lookup/SKILL.md
  - .claude/skills/prompt-lookup
  - .claude/skills/prompt-lookup/SKILL.md
  deployed_file_hashes:
    .agents/skills/prompt-lookup/SKILL.md: sha256:4409355ed36041f07dc36cbba85ccf8d8be06fef765eaddfd6f9db35f757b1e8
    .claude/skills/prompt-lookup/SKILL.md: sha256:4409355ed36041f07dc36cbba85ccf8d8be06fef765eaddfd6f9db35f757b1e8
  content_hash: sha256:0b9e47726b7b5fcc14b75a2e2087011c61b330b89d5551c98bfef8227bcb70ed
  constraint: ^0.1.2
  resolved_tag: prompt-lookup-v0.1.2
  resolved_at: '2026-06-24T10:18:07+00:00'
  declared_license: Apache-2.0
- repo_url: srobroek/agentic-packages
  host: github.com
  resolved_commit: 50bdeac526f071cf8621ed139619aada331bb719
  resolved_ref: resume-session-v0.2.1
  version: 0.2.1
  virtual_path: packages/resume-session
  is_virtual: true
  package_type: apm_package
  deployed_files:
  - .agents/skills/resume-session
  - .agents/skills/resume-session/SKILL.md
  - .agents/skills/resume-session/references/transcript-format.md
  - .agents/skills/resume-session/scripts/list-sessions.py
  - .agents/skills/resume-session/scripts/read-session.py
  - .claude/skills/resume-session
  - .claude/skills/resume-session/SKILL.md
  - .claude/skills/resume-session/references/transcript-format.md
  - .claude/skills/resume-session/scripts/list-sessions.py
  - .claude/skills/resume-session/scripts/read-session.py
  deployed_file_hashes:
    .agents/skills/resume-session/SKILL.md: sha256:6eb315a34bdcaaeb082ddefd10392aff03857d9f9b07fdb334d34c0e0280ab1a
    .agents/skills/resume-session/references/transcript-format.md: sha256:86262d6b50a5a235e83a72ff5b5491faecb2d0cfc85bd0899b6cfef851a95d3f
    .agents/skills/resume-session/scripts/list-sessions.py: sha256:dd7cb3e88e0597afeedacb5e552aa2036092caff5f9d35d77dc9666fc0eaac87
    .agents/skills/resume-session/scripts/read-session.py: sha256:ec0b8a0f982e1f97d30430771152c94eada2737ea4b05b5fe76e938b37c64678
    .claude/skills/resume-session/SKILL.md: sha256:6eb315a34bdcaaeb082ddefd10392aff03857d9f9b07fdb334d34c0e0280ab1a
    .claude/skills/resume-session/references/transcript-format.md: sha256:86262d6b50a5a235e83a72ff5b5491faecb2d0cfc85bd0899b6cfef851a95d3f
    .claude/skills/resume-session/scripts/list-sessions.py: sha256:dd7cb3e88e0597afeedacb5e552aa2036092caff5f9d35d77dc9666fc0eaac87
    .claude/skills/resume-session/scripts/read-session.py: sha256:ec0b8a0f982e1f97d30430771152c94eada2737ea4b05b5fe76e938b37c64678
  content_hash: sha256:923bd83d188929a70d8f31c1eb63dc1fe6b74a6de32cd371540dacdf6c511e88
  constraint: ^0.2.1
  resolved_tag: resume-session-v0.2.1
  resolved_at: '2026-06-24T10:18:06+00:00'
  declared_license: Apache-2.0
- repo_url: srobroek/agentic-packages
  host: github.com
  resolved_commit: 86c95af4d2b8dcaf1f5a50db3b5469a34591e13e
  resolved_ref: catchup-v0.1.3
  virtual_path: packages/catchup
  is_virtual: true
  package_type: apm_package
  deployed_files:
  - .agents/skills/catchup
  - .agents/skills/catchup/SKILL.md
  - .agents/skills/catchup/references/selection.md
  - .claude/skills/catchup
  - .claude/skills/catchup/SKILL.md
  - .claude/skills/catchup/references/selection.md
  deployed_file_hashes:
    .agents/skills/catchup/SKILL.md: sha256:d4975ae68e4acc4f8f8330ea3eb907248ba950320b1e775b45e82e18d787bc15
    .agents/skills/catchup/references/selection.md: sha256:2955e406f43ba71115a7bcaec1a97e33452fd2ba72cb33d643b44f455ae60ffa
    .claude/skills/catchup/SKILL.md: sha256:d4975ae68e4acc4f8f8330ea3eb907248ba950320b1e775b45e82e18d787bc15
    .claude/skills/catchup/references/selection.md: sha256:2955e406f43ba71115a7bcaec1a97e33452fd2ba72cb33d643b44f455ae60ffa
  content_hash: sha256:7a6bc0144fe1763ab548785ea4a5e291e030c137a58dc910ecf1a3fe44692b2e
  declared_license: Apache-2.0
- repo_url: srobroek/agentic-packages
  host: github.com
  resolved_commit: 86c95af4d2b8dcaf1f5a50db3b5469a34591e13e
  resolved_ref: codebase-index-v0.1.2
  virtual_path: packages/codebase-index
  is_virtual: true
  package_type: apm_package
  deployed_files:
  - .agents/skills/codebase-index
  - .agents/skills/codebase-index/SKILL.md
  - .agents/skills/codebase-index/scripts/index.sh
  - .claude/skills/codebase-index
  - .claude/skills/codebase-index/SKILL.md
  - .claude/skills/codebase-index/scripts/index.sh
  deployed_file_hashes:
    .agents/skills/codebase-index/SKILL.md: sha256:211015bebfc9ea34a50782c43469d901047b93fb3dfc5b91e1610fc9e559b87f
    .agents/skills/codebase-index/scripts/index.sh: sha256:119f95b4332f3865a4b04ff57a100169e1c9de046ae3ccd3cee4bb42fbe711fa
    .claude/skills/codebase-index/SKILL.md: sha256:211015bebfc9ea34a50782c43469d901047b93fb3dfc5b91e1610fc9e559b87f
    .claude/skills/codebase-index/scripts/index.sh: sha256:119f95b4332f3865a4b04ff57a100169e1c9de046ae3ccd3cee4bb42fbe711fa
  content_hash: sha256:cee45702b7f2e249b5a714aaf82df1b87352f87019275c50bbd9bdcc165dfd64
  declared_license: Apache-2.0
- repo_url: srobroek/agentic-packages
  host: github.com
  resolved_commit: 86c95af4d2b8dcaf1f5a50db3b5469a34591e13e
  resolved_ref: codebase-memory-v0.1.2
  virtual_path: packages/codebase-memory
  is_virtual: true
  package_type: apm_package
  deployed_files:
  - .agents/skills/codebase-memory
  - .agents/skills/codebase-memory/SKILL.md
  - .agents/skills/codebase-memory/references/quality.md
  - .agents/skills/codebase-memory/references/reference.md
  - .agents/skills/codebase-memory/references/trace.md
  - .agents/skills/codebase-memory/scripts/index.sh
  - .claude/skills/codebase-memory
  - .claude/skills/codebase-memory/SKILL.md
  - .claude/skills/codebase-memory/references/quality.md
  - .claude/skills/codebase-memory/references/reference.md
  - .claude/skills/codebase-memory/references/trace.md
  - .claude/skills/codebase-memory/scripts/index.sh
  deployed_file_hashes:
    .agents/skills/codebase-memory/SKILL.md: sha256:ceb8453a8b7292544c2f8c30e569f766c79293e532ff4d17d04d3df531841935
    .agents/skills/codebase-memory/references/quality.md: sha256:3a43f7b410c83d877373e3a37e84102c9d9e37a9ea54c9953779dae953c873e3
    .agents/skills/codebase-memory/references/reference.md: sha256:878a6918f085cbe83837574a6960d6b9b841676d7876ab54ecce234c8cbf38c8
    .agents/skills/codebase-memory/references/trace.md: sha256:261c7844d36cf21a2e7c2cf2bbcbafc237eb0b61a5f6551f93218eca688730e3
    .agents/skills/codebase-memory/scripts/index.sh: sha256:119f95b4332f3865a4b04ff57a100169e1c9de046ae3ccd3cee4bb42fbe711fa
    .claude/skills/codebase-memory/SKILL.md: sha256:ceb8453a8b7292544c2f8c30e569f766c79293e532ff4d17d04d3df531841935
    .claude/skills/codebase-memory/references/quality.md: sha256:3a43f7b410c83d877373e3a37e84102c9d9e37a9ea54c9953779dae953c873e3
    .claude/skills/codebase-memory/references/reference.md: sha256:878a6918f085cbe83837574a6960d6b9b841676d7876ab54ecce234c8cbf38c8
    .claude/skills/codebase-memory/references/trace.md: sha256:261c7844d36cf21a2e7c2cf2bbcbafc237eb0b61a5f6551f93218eca688730e3
    .claude/skills/codebase-memory/scripts/index.sh: sha256:119f95b4332f3865a4b04ff57a100169e1c9de046ae3ccd3cee4bb42fbe711fa
  content_hash: sha256:d4b514eaaa0955994080d5a5087a1d374521325bb8b5aa6be0eea8b8ae8d17cc
  declared_license: Apache-2.0
- repo_url: srobroek/agentic-packages
  host: github.com
  resolved_commit: 86c95af4d2b8dcaf1f5a50db3b5469a34591e13e
  resolved_ref: commit-push-merge-v0.1.2
  virtual_path: packages/commit-push-merge
  is_virtual: true
  package_type: apm_package
  deployed_files:
  - .agents/skills/commit-push-merge
  - .agents/skills/commit-push-merge/SKILL.md
  - .agents/skills/commit-push-merge/references/merge-checklist.md
  - .claude/skills/commit-push-merge
  - .claude/skills/commit-push-merge/SKILL.md
  - .claude/skills/commit-push-merge/references/merge-checklist.md
  deployed_file_hashes:
    .agents/skills/commit-push-merge/SKILL.md: sha256:a997fe16617b33e0d203f0adbcfec36513985b7207c2b5f3c6729dff77cc9801
    .agents/skills/commit-push-merge/references/merge-checklist.md: sha256:e4277538807b26f399fc3755a0ed97685f9264eb1dd238bc66054bed415cda18
    .claude/skills/commit-push-merge/SKILL.md: sha256:a997fe16617b33e0d203f0adbcfec36513985b7207c2b5f3c6729dff77cc9801
    .claude/skills/commit-push-merge/references/merge-checklist.md: sha256:e4277538807b26f399fc3755a0ed97685f9264eb1dd238bc66054bed415cda18
  content_hash: sha256:e4e1d91ee7e113b78237470f0eb798f224e5bb28ea35c5a58e4efc2a958b8500
  declared_license: Apache-2.0
- repo_url: srobroek/agentic-packages
  host: github.com
  resolved_commit: 86c95af4d2b8dcaf1f5a50db3b5469a34591e13e
  resolved_ref: commit-push-pr-v0.1.2
  virtual_path: packages/commit-push-pr
  is_virtual: true
  package_type: apm_package
  deployed_files:
  - .agents/skills/commit-push-pr
  - .agents/skills/commit-push-pr/SKILL.md
  - .agents/skills/commit-push-pr/references/pr-template.md
  - .claude/skills/commit-push-pr
  - .claude/skills/commit-push-pr/SKILL.md
  - .claude/skills/commit-push-pr/references/pr-template.md
  deployed_file_hashes:
    .agents/skills/commit-push-pr/SKILL.md: sha256:1afc56fa97b8d7936a7cc7ec7f601792069c0f740f9ec30774808555f237b303
    .agents/skills/commit-push-pr/references/pr-template.md: sha256:26812e250916374a6344f9742a3f86111a38887d8e7ef02afa9cbda5ab9c7767
    .claude/skills/commit-push-pr/SKILL.md: sha256:1afc56fa97b8d7936a7cc7ec7f601792069c0f740f9ec30774808555f237b303
    .claude/skills/commit-push-pr/references/pr-template.md: sha256:26812e250916374a6344f9742a3f86111a38887d8e7ef02afa9cbda5ab9c7767
  content_hash: sha256:94a57f66ac283c012859e307ff0414d401d58efd51d4abc6941e14243edb31c9
  declared_license: Apache-2.0
- repo_url: srobroek/agentic-packages
  host: github.com
  resolved_commit: 86c95af4d2b8dcaf1f5a50db3b5469a34591e13e
  resolved_ref: explore-v0.1.2
  virtual_path: packages/explore
  is_virtual: true
  package_type: apm_package
  deployed_files:
  - .agents/skills/explore
  - .agents/skills/explore/SKILL.md
  - .claude/skills/explore
  - .claude/skills/explore/SKILL.md
  deployed_file_hashes:
    .agents/skills/explore/SKILL.md: sha256:5a0ca2244e06719e60e9c1ef3e59db7a84bde3ac82b08613b27e88e9582fee2e
    .claude/skills/explore/SKILL.md: sha256:5a0ca2244e06719e60e9c1ef3e59db7a84bde3ac82b08613b27e88e9582fee2e
  content_hash: sha256:1a55bb81e211c486418f9817b2ab158f53392e43453cf7f6b505da211c55c23d
  declared_license: Apache-2.0
- repo_url: srobroek/agentic-packages
  host: github.com
  resolved_commit: 86c95af4d2b8dcaf1f5a50db3b5469a34591e13e
  resolved_ref: handover-v0.1.2
  virtual_path: packages/handover
  is_virtual: true
  package_type: apm_package
  deployed_files:
  - .agents/skills/handover
  - .agents/skills/handover/SKILL.md
  - .agents/skills/handover/references/template.md
  - .agents/skills/handover/scripts/new-handover.py
  - .claude/skills/handover
  - .claude/skills/handover/SKILL.md
  - .claude/skills/handover/references/template.md
  - .claude/skills/handover/scripts/new-handover.py
  deployed_file_hashes:
    .agents/skills/handover/SKILL.md: sha256:583088be78047eb30193d0ab46ae0b8006db37488868996a1db890511b5c406e
    .agents/skills/handover/references/template.md: sha256:631963e1aaabd6c58b63afcc7fa1656c91dea676bb6a6b339bbac8dec5a1575c
    .agents/skills/handover/scripts/new-handover.py: sha256:724465a9f872e87ce09bf54ba4c9f2306bee87963daff587aa3b2c774a4f5f37
    .claude/skills/handover/SKILL.md: sha256:583088be78047eb30193d0ab46ae0b8006db37488868996a1db890511b5c406e
    .claude/skills/handover/references/template.md: sha256:631963e1aaabd6c58b63afcc7fa1656c91dea676bb6a6b339bbac8dec5a1575c
    .claude/skills/handover/scripts/new-handover.py: sha256:724465a9f872e87ce09bf54ba4c9f2306bee87963daff587aa3b2c774a4f5f37
  content_hash: sha256:0532fbd04a6a9030ec806c987758c2154ff00ddc54a89dd2897368b0d249fc87
  declared_license: Apache-2.0
- repo_url: srobroek/agentic-packages
  host: github.com
  resolved_commit: 86c95af4d2b8dcaf1f5a50db3b5469a34591e13e
  resolved_ref: quick-commit-v0.1.2
  virtual_path: packages/quick-commit
  is_virtual: true
  package_type: apm_package
  deployed_files:
  - .agents/skills/quick-commit
  - .agents/skills/quick-commit/SKILL.md
  - .agents/skills/quick-commit/references/changeset-policy.md
  - .agents/skills/quick-commit/scripts/status.sh
  - .claude/skills/quick-commit
  - .claude/skills/quick-commit/SKILL.md
  - .claude/skills/quick-commit/references/changeset-policy.md
  - .claude/skills/quick-commit/scripts/status.sh
  deployed_file_hashes:
    .agents/skills/quick-commit/SKILL.md: sha256:1a3110e7fa68ea0a3f0528189235d2894493744037e42a67ce4bbd67950710c8
    .agents/skills/quick-commit/references/changeset-policy.md: sha256:0f5e27b13b05a7d47c1cddf2b9b9df8e1398646cf4efcead7e5826ae01afced7
    .agents/skills/quick-commit/scripts/status.sh: sha256:3a42c5535c17b582d36637f86a53cdafe65a2115045b7ae4f9622f43d263ff4c
    .claude/skills/quick-commit/SKILL.md: sha256:1a3110e7fa68ea0a3f0528189235d2894493744037e42a67ce4bbd67950710c8
    .claude/skills/quick-commit/references/changeset-policy.md: sha256:0f5e27b13b05a7d47c1cddf2b9b9df8e1398646cf4efcead7e5826ae01afced7
    .claude/skills/quick-commit/scripts/status.sh: sha256:3a42c5535c17b582d36637f86a53cdafe65a2115045b7ae4f9622f43d263ff4c
  content_hash: sha256:e01fdaa6967891902d50635cf7a86efb27d7ce484362c1cbd8c004ae530ef85e
  declared_license: Apache-2.0
- repo_url: srobroek/agentic-packages
  host: github.com
  resolved_commit: 86c95af4d2b8dcaf1f5a50db3b5469a34591e13e
  resolved_ref: research-v0.1.2
  virtual_path: packages/research
  is_virtual: true
  package_type: apm_package
  deployed_files:
  - .agents/skills/research
  - .agents/skills/research/SKILL.md
  - .agents/skills/research/references/report-template.md
  - .claude/skills/research
  - .claude/skills/research/SKILL.md
  - .claude/skills/research/references/report-template.md
  deployed_file_hashes:
    .agents/skills/research/SKILL.md: sha256:663d146af7222cc765775f20d561ffdc15ab7ee281098101bbcc5633a4f3eb72
    .agents/skills/research/references/report-template.md: sha256:f50d76740e30fb9f1c509d1c77a1655a5798f796b6f8035d668b7cf9f875263c
    .claude/skills/research/SKILL.md: sha256:663d146af7222cc765775f20d561ffdc15ab7ee281098101bbcc5633a4f3eb72
    .claude/skills/research/references/report-template.md: sha256:f50d76740e30fb9f1c509d1c77a1655a5798f796b6f8035d668b7cf9f875263c
  content_hash: sha256:f6f20cd0a4a558c400fbf0a75e0a25525a7aaf20fc53431ae8196e92c13b2cb0
  declared_license: Apache-2.0
- repo_url: srobroek/agentic-packages
  host: github.com
  resolved_commit: 7e47178380d2985b2dda158b3f9226b6926a4ede
  resolved_ref: steering-project-structure-v0.1.0
  virtual_path: packages/steering-project-structure
  is_virtual: true
  package_type: apm_package
  deployed_files:
  - .claude/rules/20-project-structure.md
  deployed_file_hashes:
    .claude/rules/20-project-structure.md: sha256:37ee03778e1ef7077caa1c7ae2f49d3ca668ead78424e48b81d036aae66a8fb1
  content_hash: sha256:c1781e5c9555a6369991f447f527323ef42f59ea013cd52193e563807cd88314
  declared_license: Apache-2.0
- repo_url: srobroek/agentic-packages
  host: github.com
  resolved_commit: 86c95af4d2b8dcaf1f5a50db3b5469a34591e13e
  resolved_ref: verify-v0.1.2
  virtual_path: packages/verify
  is_virtual: true
  package_type: apm_package
  deployed_files:
  - .agents/skills/verify
  - .agents/skills/verify/SKILL.md
  - .agents/skills/verify/scripts/verify.sh
  - .claude/skills/verify
  - .claude/skills/verify/SKILL.md
  - .claude/skills/verify/scripts/verify.sh
  deployed_file_hashes:
    .agents/skills/verify/SKILL.md: sha256:f7722ee3a2dca39cf7a9b553b5d154dff3a41dbb6bfd78f67cefd4da614a4348
    .agents/skills/verify/scripts/verify.sh: sha256:66c23d7ef41324f3517562f76b500532ff6ea9d4d677aa4d642ace08c5420420
    .claude/skills/verify/SKILL.md: sha256:f7722ee3a2dca39cf7a9b553b5d154dff3a41dbb6bfd78f67cefd4da614a4348
    .claude/skills/verify/scripts/verify.sh: sha256:66c23d7ef41324f3517562f76b500532ff6ea9d4d677aa4d642ace08c5420420
  content_hash: sha256:808e1e96e7b64e85612fa39987a15630395de0afb4a86f774e6683445d7dde1e
  declared_license: Apache-2.0
- repo_url: srobroek/agentic-packages
  host: github.com
  resolved_commit: 86c95af4d2b8dcaf1f5a50db3b5469a34591e13e
  resolved_ref: web-fetch-v0.1.2
  virtual_path: packages/web-fetch
  is_virtual: true
  package_type: apm_package
  deployed_files:
  - .agents/skills/web-fetch
  - .agents/skills/web-fetch/SKILL.md
  - .agents/skills/web-fetch/references/tool-selection.md
  - .claude/skills/web-fetch
  - .claude/skills/web-fetch/SKILL.md
  - .claude/skills/web-fetch/references/tool-selection.md
  deployed_file_hashes:
    .agents/skills/web-fetch/SKILL.md: sha256:4b5607fa06ea72d2f3d133d00789bdafee1634de5fff77f9800300ce0d6b2a39
    .agents/skills/web-fetch/references/tool-selection.md: sha256:886d30d65aebf74fef9ba241f1e48f2b646c194673c7db058dbd4b669f15f965
    .claude/skills/web-fetch/SKILL.md: sha256:4b5607fa06ea72d2f3d133d00789bdafee1634de5fff77f9800300ce0d6b2a39
    .claude/skills/web-fetch/references/tool-selection.md: sha256:886d30d65aebf74fef9ba241f1e48f2b646c194673c7db058dbd4b669f15f965
  content_hash: sha256:87f02cce1fcd0e025fda052950e924d6cd2ca135c7c1f9831309fbfc96af9482
  declared_license: Apache-2.0
- repo_url: wshobson/agents
  host: github.com
  resolved_commit: cc37bfdd292ce520ba1c44df7a3a70d5f8137236
  resolved_ref: main
  virtual_path: plugins/agent-orchestration
  is_virtual: true
  package_type: marketplace_plugin
  deployed_files:
  - .claude/agents/context-manager.md
  - .claude/commands/improve-agent.md
  - .claude/commands/multi-agent-optimize.md
  - .codex/agents/context-manager.toml
  deployed_file_hashes:
    .claude/agents/context-manager.md: sha256:24efe4654f96c52335e6d02482e8111d3cffdc0e5bd76037be264a5dba668b4c
    .claude/commands/improve-agent.md: sha256:f68cca3935b12ce43d03fe6351d2533a74602e3d7957e8a3810a071a7f8414fc
    .claude/commands/multi-agent-optimize.md: sha256:e825095060a5c0ace0772391417d22f0b0378babfbc4057412dfbba0b27dd0e9
    .codex/agents/context-manager.toml: sha256:e1ff1ebedd1871e743af47bf198cac9ee6edba7d70cc2eec3ffd723397f2910a
  content_hash: sha256:b29f57cdd3858bb363820e78515a67adfa93765ca46e37638ef677a169d6d8ce
  declared_license: MIT
- repo_url: wshobson/agents
  host: github.com
  resolved_commit: cc37bfdd292ce520ba1c44df7a3a70d5f8137236
  resolved_ref: main
  virtual_path: plugins/context-management
  is_virtual: true
  package_type: marketplace_plugin
  deployed_files:
  - .claude/commands/context-restore.md
  - .claude/commands/context-save.md
  deployed_file_hashes:
    .claude/commands/context-restore.md: sha256:f923f531a4065e712cba56ee1ffcffc1f44c3224213e7cf8c83b3209195866bd
    .claude/commands/context-save.md: sha256:eea6c3f2f4fc99ee01fbf99869044d95447f5a65b7be213255f0122384283cf4
  content_hash: sha256:218d104a947ef7cf5fc2bacf9509472617944b5d32483d580f0f133fdd9a7625
  declared_license: MIT
- repo_url: wshobson/agents
  host: github.com
  resolved_commit: cc37bfdd292ce520ba1c44df7a3a70d5f8137236
  resolved_ref: main
  virtual_path: plugins/documentation-standards
  is_virtual: true
  package_type: marketplace_plugin
  deployed_files:
  - .agents/skills/hads
  - .agents/skills/hads/SKILL.md
  - .claude/skills/hads
  - .claude/skills/hads/SKILL.md
  deployed_file_hashes:
    .agents/skills/hads/SKILL.md: sha256:02e8fab07e66768e32eb5c20afccd00c2c1ed52d142ec533fbe608a0037edba1
    .claude/skills/hads/SKILL.md: sha256:02e8fab07e66768e32eb5c20afccd00c2c1ed52d142ec533fbe608a0037edba1
  content_hash: sha256:2045b74df98c0a28637550f4696524561faf742ea7a4ae44b3727d94f98a314d
  declared_license: MIT
- repo_url: wshobson/agents
  host: github.com
  resolved_commit: cc37bfdd292ce520ba1c44df7a3a70d5f8137236
  resolved_ref: main
  virtual_path: plugins/plugin-eval
  is_virtual: true
  package_type: marketplace_plugin
  deployed_files:
  - .agents/skills/evaluation-methodology
  - .agents/skills/evaluation-methodology/SKILL.md
  - .agents/skills/evaluation-methodology/references/rubrics.md
  - .claude/agents/eval-judge.md
  - .claude/agents/eval-orchestrator.md
  - .claude/commands/certify.md
  - .claude/commands/compare.md
  - .claude/commands/eval.md
  - .claude/skills/evaluation-methodology
  - .claude/skills/evaluation-methodology/SKILL.md
  - .claude/skills/evaluation-methodology/references/rubrics.md
  - .codex/agents/eval-judge.toml
  - .codex/agents/eval-orchestrator.toml
  deployed_file_hashes:
    .agents/skills/evaluation-methodology/SKILL.md: sha256:1fe24ef3053651427ee3c82927e28a12f9fc89209fd54e0f9e487319ac80beb0
    .agents/skills/evaluation-methodology/references/rubrics.md: sha256:c815591dc2d250620f1cb2818040d572e1fc88f1587b205e3d303176e6abdf36
    .claude/agents/eval-judge.md: sha256:44c155e2fe50a1d2946797650839d6d9c4eb83963b9e90af4552134d1c8b6816
    .claude/agents/eval-orchestrator.md: sha256:3d9ddfbcd3da4d0b3fc8d71e9dd15be31683e5ccb77d59dd1bb8e67f2e2bd75d
    .claude/commands/certify.md: sha256:8e0f2cee856063fe8715e2132e5802d82932f147f10c32402a848f9091af278c
    .claude/commands/compare.md: sha256:494c9e6b07753199c9a97c494293e82af0167614dc62025a7aefb30ec9786c34
    .claude/commands/eval.md: sha256:07cf3d902f38295442a7965d0086f49b496b9f838d8d304bb0da1cb1cfd907f0
    .claude/skills/evaluation-methodology/SKILL.md: sha256:1fe24ef3053651427ee3c82927e28a12f9fc89209fd54e0f9e487319ac80beb0
    .claude/skills/evaluation-methodology/references/rubrics.md: sha256:c815591dc2d250620f1cb2818040d572e1fc88f1587b205e3d303176e6abdf36
    .codex/agents/eval-judge.toml: sha256:9b8afe2169e9cf6fa959f3b0fbdbb95380730de463cced54b83162a25378058b
    .codex/agents/eval-orchestrator.toml: sha256:2b952d1a76a546a70ceaf569cb0e8a97edccc34c68c0275dec7afeaab67c0e0e
  content_hash: sha256:1e8a48d4715119ca611bd9dc871fe99212a552b30b7acb1ee6ff5a04f16c0994
- repo_url: wshobson/agents
  host: github.com
  resolved_commit: cc37bfdd292ce520ba1c44df7a3a70d5f8137236
  resolved_ref: main
  virtual_path: plugins/shell-scripting
  is_virtual: true
  package_type: marketplace_plugin
  deployed_files:
  - .agents/skills/bash-defensive-patterns
  - .agents/skills/bash-defensive-patterns/SKILL.md
  - .agents/skills/bash-defensive-patterns/references/details.md
  - .agents/skills/bats-testing-patterns
  - .agents/skills/bats-testing-patterns/SKILL.md
  - .agents/skills/bats-testing-patterns/references/details.md
  - .agents/skills/shellcheck-configuration
  - .agents/skills/shellcheck-configuration/SKILL.md
  - .agents/skills/shellcheck-configuration/references/details.md
  - .claude/agents/bash-pro.md
  - .claude/agents/posix-shell-pro.md
  - .claude/skills/bash-defensive-patterns
  - .claude/skills/bash-defensive-patterns/SKILL.md
  - .claude/skills/bash-defensive-patterns/references/details.md
  - .claude/skills/bats-testing-patterns
  - .claude/skills/bats-testing-patterns/SKILL.md
  - .claude/skills/bats-testing-patterns/references/details.md
  - .claude/skills/shellcheck-configuration
  - .claude/skills/shellcheck-configuration/SKILL.md
  - .claude/skills/shellcheck-configuration/references/details.md
  - .codex/agents/bash-pro.toml
  - .codex/agents/posix-shell-pro.toml
  deployed_file_hashes:
    .agents/skills/bash-defensive-patterns/SKILL.md: sha256:741b42d1fa3167f2131a17f3e0fe891e93be4fc87aa3c19e1de5fd26d763f711
    .agents/skills/bash-defensive-patterns/references/details.md: sha256:3ce9ec046f260da3b349f3df1b7b3a0474adb7bf9e10175a0ea4aea7bb3bd877
    .agents/skills/bats-testing-patterns/SKILL.md: sha256:d7992dbf589789f1ae446161d86c1cab026b9dfc4acfed5491d552be97338e62
    .agents/skills/bats-testing-patterns/references/details.md: sha256:b3a82965886d700debae915949a6eccd7768568d97c0d996d7354abb43fee4b5
    .agents/skills/shellcheck-configuration/SKILL.md: sha256:0442d7cb63b35ac5eccb60450822b66bf036381d476f5aed7a148aa635c5c598
    .agents/skills/shellcheck-configuration/references/details.md: sha256:65ba7c3e5ac0132e1fa4f75fe9776a68cb3c14b60d2b504f63e3ffad781e5723
    .claude/agents/bash-pro.md: sha256:fb54b5e109ea56d5227e10a2ca6b1a751f8d5c1bb348e7b5172cc3dd96c542fd
    .claude/agents/posix-shell-pro.md: sha256:f3573d8989a10fcbbedc43f47e8d5b07c5a546c2e403aba88d248012ef386172
    .claude/skills/bash-defensive-patterns/SKILL.md: sha256:741b42d1fa3167f2131a17f3e0fe891e93be4fc87aa3c19e1de5fd26d763f711
    .claude/skills/bash-defensive-patterns/references/details.md: sha256:3ce9ec046f260da3b349f3df1b7b3a0474adb7bf9e10175a0ea4aea7bb3bd877
    .claude/skills/bats-testing-patterns/SKILL.md: sha256:d7992dbf589789f1ae446161d86c1cab026b9dfc4acfed5491d552be97338e62
    .claude/skills/bats-testing-patterns/references/details.md: sha256:b3a82965886d700debae915949a6eccd7768568d97c0d996d7354abb43fee4b5
    .claude/skills/shellcheck-configuration/SKILL.md: sha256:0442d7cb63b35ac5eccb60450822b66bf036381d476f5aed7a148aa635c5c598
    .claude/skills/shellcheck-configuration/references/details.md: sha256:65ba7c3e5ac0132e1fa4f75fe9776a68cb3c14b60d2b504f63e3ffad781e5723
    .codex/agents/bash-pro.toml: sha256:63fd86a0cdccc0968d68d5a0295cd3b684065c4518ecfde1915d02a8f232eef5
    .codex/agents/posix-shell-pro.toml: sha256:f6d25317507ddccdc1e45df11cbed6b4d14c6a55888af1c4c92c6513f6b3b68d
  content_hash: sha256:6416b88c2f9c0d54094037779e1ab36eff3f681441b5dcff7be8cb843a7a9ea1
  declared_license: MIT
- repo_url: wshobson/agents
  host: github.com
  resolved_commit: cc37bfdd292ce520ba1c44df7a3a70d5f8137236
  resolved_ref: main
  virtual_path: plugins/c4-architecture
  is_virtual: true
  package_type: marketplace_plugin
  deployed_files:
  - .claude/agents/c4-code.md
  - .claude/agents/c4-component.md
  - .claude/agents/c4-container.md
  - .claude/agents/c4-context.md
  - .claude/commands/c4-architecture.md
  - .codex/agents/c4-code.toml
  - .codex/agents/c4-component.toml
  - .codex/agents/c4-container.toml
  - .codex/agents/c4-context.toml
  deployed_file_hashes:
    .claude/agents/c4-code.md: sha256:48ed5c662861adec687742af5be47fb3796adb24ddecfdc270f2ebf48bcc77f9
    .claude/agents/c4-component.md: sha256:67c96e066a9db4fe33781bfd647c4748d2a10bf6f28cbd05f745bd1bb8c952fd
    .claude/agents/c4-container.md: sha256:1397485b1767f9fd83b83f3071b3c7d4576304c0c7d8d2439f8e786674bc05c9
    .claude/agents/c4-context.md: sha256:4e34f973a90b4903799d6ac9b0a7d8b0370cdff8168e3f7edb0b1bb32eb1f21d
    .claude/commands/c4-architecture.md: sha256:ecf69e2e293978341b116db540c9ff971374464673d0bbade72b357cb0b5e479
    .codex/agents/c4-code.toml: sha256:46d835a054edd59c945b8d46d67845139913a74f010751653cb387542e79797d
    .codex/agents/c4-component.toml: sha256:24cf06ac03cca4dda4e7b70283eea266ae3deb568a2fd7cfafc567bb408370ff
    .codex/agents/c4-container.toml: sha256:93b05479452620f8925e7ab9348eacc4b9da5330b93e09451ac200039383ebb1
    .codex/agents/c4-context.toml: sha256:3050e2b37114be7f60428848205cff088454fac2e6154762369eeb95bc85c1e1
  content_hash: sha256:755ff83930892113def4c6c4b70f7c5d85f4cf663db0a464a076e399c4fa6b13
  declared_license: MIT
- repo_url: wshobson/agents
  host: github.com
  resolved_commit: cc37bfdd292ce520ba1c44df7a3a70d5f8137236
  resolved_ref: main
  virtual_path: plugins/code-documentation
  is_virtual: true
  package_type: marketplace_plugin
  deployed_files:
  - .claude/agents/code-reviewer.md
  - .claude/agents/docs-architect.md
  - .claude/agents/tutorial-engineer.md
  - .claude/commands/code-explain.md
  - .claude/commands/doc-generate.md
  - .codex/agents/code-reviewer.toml
  - .codex/agents/docs-architect.toml
  - .codex/agents/tutorial-engineer.toml
  deployed_file_hashes:
    .claude/agents/code-reviewer.md: sha256:7d3eb3cf36f5dc156bf4d39e59b8869af5ae506f16c75d87b79420ad82e01064
    .claude/agents/docs-architect.md: sha256:cafadb5c85b45eaff0ec9d16808774b5e0c81034f1e06d0fbacb3a6c12f60dad
    .claude/agents/tutorial-engineer.md: sha256:c207e1a58016ddad11d41d66b9d876576464a04385dbcd9c826c0a797ead278b
    .claude/commands/code-explain.md: sha256:710690c2c446bb19b7920b131409d330a2b53ad5b4768ad462788c580e846306
    .claude/commands/doc-generate.md: sha256:b2d1d72505ddacb72fae1212ee0e9b7ee6b5ce33a4e4691dbe0d50900f4b4d00
    .codex/agents/code-reviewer.toml: sha256:06972c9051fce53a868d760d325b6ffec18709a1b25042e235a282c1a44f64ca
    .codex/agents/docs-architect.toml: sha256:a67d775a1b76704f8c67eb0552581a0cd9cce7be35fc6343609007a4c46e88d9
    .codex/agents/tutorial-engineer.toml: sha256:fcd63d475d9bda6df45af88611cf4aded21eba1eccfc178581656a606c0efc0f
  content_hash: sha256:2a9f0d489b2fb11da354c35458ab7cd31517267318eefb139b58e5daba98d598
  declared_license: MIT
- repo_url: wshobson/agents
  host: github.com
  resolved_commit: cc37bfdd292ce520ba1c44df7a3a70d5f8137236
  resolved_ref: main
  virtual_path: plugins/documentation-generation
  is_virtual: true
  package_type: marketplace_plugin
  deployed_files:
  - .agents/skills/architecture-decision-records
  - .agents/skills/architecture-decision-records/SKILL.md
  - .agents/skills/changelog-automation
  - .agents/skills/changelog-automation/SKILL.md
  - .agents/skills/changelog-automation/references/details.md
  - .agents/skills/openapi-spec-generation
  - .agents/skills/openapi-spec-generation/SKILL.md
  - .agents/skills/openapi-spec-generation/references/code-first-and-tooling.md
  - .agents/skills/openapi-spec-generation/references/details.md
  - .claude/agents/api-documenter.md
  - .claude/agents/mermaid-expert.md
  - .claude/agents/reference-builder.md
  - .claude/skills/architecture-decision-records
  - .claude/skills/architecture-decision-records/SKILL.md
  - .claude/skills/changelog-automation
  - .claude/skills/changelog-automation/SKILL.md
  - .claude/skills/changelog-automation/references/details.md
  - .claude/skills/openapi-spec-generation
  - .claude/skills/openapi-spec-generation/SKILL.md
  - .claude/skills/openapi-spec-generation/references/code-first-and-tooling.md
  - .claude/skills/openapi-spec-generation/references/details.md
  - .codex/agents/api-documenter.toml
  - .codex/agents/mermaid-expert.toml
  - .codex/agents/reference-builder.toml
  deployed_file_hashes:
    .agents/skills/architecture-decision-records/SKILL.md: sha256:f8928e30d37eb7654e18adc93c752b43e7272f88054fba5a7813b434779c50e6
    .agents/skills/changelog-automation/SKILL.md: sha256:b9748be2063023ba754d47ab9e727bcfa053041fd6f83c524eb8ae4a257cb6a1
    .agents/skills/changelog-automation/references/details.md: sha256:bb85b108b101f76ec02cd678e34e83181148a2bb49e240f23131c51288c76c32
    .agents/skills/openapi-spec-generation/SKILL.md: sha256:8071736973f8a99cbe8644e21f638493ac062c77d650d8fabc4a469285485d7e
    .agents/skills/openapi-spec-generation/references/code-first-and-tooling.md: sha256:533398d65b933040d13e642414e6b9846adbe7d5c95947223beffdb3ebe1590f
    .agents/skills/openapi-spec-generation/references/details.md: sha256:f653781def324ce13ba73879282ae5ae78c15d57b5f665f2c20b8d6332569e55
    .claude/agents/api-documenter.md: sha256:2024e996680fd8f3347f5f052cb0d031b1c142f89308f93314ce6ba186683bd7
    .claude/agents/mermaid-expert.md: sha256:13efaddbe882b125326855ebc616a6896723ec3d7f988f90132da99ce29fcea0
    .claude/agents/reference-builder.md: sha256:666031b1453bfca265c39191f96d25911ebde0b9170659d67215e315ca81965e
    .claude/skills/architecture-decision-records/SKILL.md: sha256:f8928e30d37eb7654e18adc93c752b43e7272f88054fba5a7813b434779c50e6
    .claude/skills/changelog-automation/SKILL.md: sha256:b9748be2063023ba754d47ab9e727bcfa053041fd6f83c524eb8ae4a257cb6a1
    .claude/skills/changelog-automation/references/details.md: sha256:bb85b108b101f76ec02cd678e34e83181148a2bb49e240f23131c51288c76c32
    .claude/skills/openapi-spec-generation/SKILL.md: sha256:8071736973f8a99cbe8644e21f638493ac062c77d650d8fabc4a469285485d7e
    .claude/skills/openapi-spec-generation/references/code-first-and-tooling.md: sha256:533398d65b933040d13e642414e6b9846adbe7d5c95947223beffdb3ebe1590f
    .claude/skills/openapi-spec-generation/references/details.md: sha256:f653781def324ce13ba73879282ae5ae78c15d57b5f665f2c20b8d6332569e55
    .codex/agents/api-documenter.toml: sha256:b8e38e4fe8b5970a95b01959a4a3ac17214ddad25120415e40d49d6b714d2c22
    .codex/agents/mermaid-expert.toml: sha256:93f9374a7201bff91052fab36c021d6f14d45e3c1cb0ae24258faf45e06e3c3b
    .codex/agents/reference-builder.toml: sha256:352563faa9e760651170eb273bd07db7d45373dc77575b08dd015143acf089ed
  content_hash: sha256:a724cae9708c50211db67adefa60850eba24ef5b2ef5c556ac8340b79995aa02
  declared_license: MIT
mcp_servers:
- codebase-memory-mcp
- context7
- mcp-package-version
- repomix
mcp_configs:
  codebase-memory-mcp:
    name: codebase-memory-mcp
    transport: stdio
    registry: false
    command: codebase-memory-mcp
  context7:
    name: context7
    transport: stdio
    args:
    - -y
    - '@upstash/context7-mcp'
    registry: false
    command: npx
  mcp-package-version:
    name: mcp-package-version
    transport: stdio
    args:
    - -y
    - mcp-package-version
    registry: false
    command: npx
  repomix:
    name: repomix
    transport: stdio
    args:
    - -y
    - repomix
    - --mcp
    registry: false
    command: npx
